github.com/cpuguy83/go-md2man/v2 v2.0.1/go.mod h1:tgQtvFlXSQOSOSIRvRPT7W67SCa46tRHOmNcaadrF8o=
github.com/fatih/color v1.13.0 h1:8LOYc1KYPPmyKMuN8QV2DNRWNbLo6LZ0iLs8+mlH53w=
github.com/fatih/color v1.13.0/go.mod h1:kLAiJbzzSOZDVNGyDpeOxJ47H46qBXwg5ILebYFFOfk=
github.com/golang-commonmark/html v0.0.0-20180910111043-7d7c804e1d46 h1:FeNEDxIy7XouGTJKiJ9Ze5vUbcAIW/FRhQbtKBNmEz8=
github.com/golang-commonmark/html v0.0.0-20180910111043-7d7c804e1d46/go.mod h1:LVbxopYhspqklDpfaS/qDc6HhWwkpF1ptTj3vMFRoSQ=
github.com/golang-commonmark/linkify v0.0.0-20180910111149-f05efb453a0e h1:TkuRzcq232K5ytXtQ+BPicsjYWZgt/lS6gJ5HqcUifQ=
github.com/golang-commonmark/linkify v0.0.0-20180910111149-f05efb453a0e/go.mod h1:LeGY+WmPag1dlC0xKy+xYXommuQLX0O9gGXOP8SdBmY=
github.com/golang-commonmark/markdown v0.0.0-20180910011815-a8f139058164 h1:YaQaotRjMcVth1VzHUEQlD2oeyQAglA7CXdxp9QLvKM=
github.com/golang-commonmark/markdown v0.0.0-20180910011815-a8f139058164/go.mod h1:TRHkBtRpQJqTtJnCqhNU5oPkZw5pMr8Ac6DHndXYd5k=
github.com/golang-commonmark/mdurl v0.0.0-20180910110917-8d018c6567d6 h1:XkgfhPs5AotQfcu3EfDEjyAUx91KdtjrxHXYGnZJhoU=
github.com/golang-commonmark/mdurl v0.0.0-20180910110917-8d018c6567d6/go.mod h1:J66ZGl/dC2mj4ElzGfrLUq0N90HvQoUbrYgYNJUjuMs=
github.com/golang-commonmark/puny v0.0.0-20180910110745-050be392d8b8 h1:DUgQdQmDg4sk4SfNR+qOkXcopGz36BL02vp/V7WbPQI=
github.com/golang-commonmark/puny v0.0.0-20180910110745-050be392d8b8/go.mod h1:/8a6mcbf/Hwg6MjnHHp5vqCWw0Bsves9HLPObHAj7XA=
github.com/gosimple/slug v1.12.0 h1:xzuhj7G7cGtd34NXnW/yF0l+AGNfWqwgh/IXgFy7dnc=
github.com/gosimple/slug v1.12.0/go.mod h1:UiRaFH+GEilHstLUmcBgWcI42viBN7mAb818JrYOeFQ=
github.com/gosimple/unidecode v1.0.1 h1:hZzFTMMqSswvf0LBJZCZgThIZrpDHFXux9KeGmn6T/o=
github.com/gosimple/unidecode v1.0.1/go.mod h1:CP0Cr1Y1kogOtx0bJblKzsVWrqYaqfNOnHzpgWw4Awc=
github.com/inconshreveable/mousetrap v1.0.0 h1:Z8tu5sraLXCXIcARxBp/8cbvlwVa7Z1NHg9XEKhtSvM=
github.com/inconshreveable/mousetrap v1.0.0/go.mod h1:PxqpIevigyE2G7u3NXJIT2ANytuPF1OarO4DADm73n8=
github.com/justincampbell/bigduration v0.0.0-20160531141349-e45bf03c0666 h1:abLciEiilfMf19Q1TFWDrp9j5z5one60dnnpvc6eabg=
github.com/justincampbell/bigduration v0.0.0-20160531141349-e45bf03c0666/go.mod h1:xqGOmDZzLOG7+q/CgsbXv10g4tgPsbjhmAxyaTJMvis=
github.com/justincampbell/timeago v0.0.0-20160528003754-027f40306f1d h1:qtCcYJK2bebPXEC8Wy+enYxQqmWnT6jlVTHnDGpwvkc=
github.com/justincampbell/timeago v0.0.0-20160528003754-027f40306f1d/go.mod h1:U7FWcK1jzZJnYuSnxP6efX3ZoHbK1CEpD0ThYyGNPNI=
github.com/mattn/go-colorable v0.1.9 h1:sqDoxXbdeALODt0DAeJCVp38ps9ZogZEAXjus69YV3U=
github.com/mattn/go-colorable v0.1.9/go.mod h1:u6P/XSegPjTcexA+o6vUJrdnUu04hMope9wVRipJSqc=
github.com/mattn/go-isatty v0.0.12/go.mod h1:cbi8OIDigv2wuxKPP5vlRcQ1OAZbq2CE4Kysco4FUpU=
github.com/mattn/go-isatty v0.0.14 h1:yVuAays6BHfxijgZPzw+3Zlu5yQgKGP2/hcQbHb7S9Y=
github.com/mattn/go-isatty v0.0.14/go.mod h1:7GGIvUiUoEMVVmxf/4nioHXj79iQHKdU27kJ6hsGG94=
github.com/opennota/wd v0.0.0-20180911144301-b446539ab1e7 h1:cVQhwfBgiKTMAdYPbVeuIiTkdY59qZ3sp5RpyO8CNtg=
github.com/opennota/wd v0.0.0-20180911144301-b446539ab1e7/go.mod h1:CS6cd3lWylVJV6EWs4Q/lkDEVGQOrEbBdwCowzzkN6A=
github.com/russross/blackfriday v1.6.0 h1:KqfZb0pUVN2lYqZUYRddxF4OR8ZMURnJIG5Y3VRLtww=
github.com/russross/blackfriday v1.6.0/go.mod h1:ti0ldHuxg49ri4ksnFxlkCfN+hvslNlmVHqNRXXJNAY=
github.com/russross/blackfriday/v2 v2.1.0/go.mod h1:+Rmxgy9KzJVeS9/2gXHxylqXiyQDYRxCVz55jmeOWTM=
github.com/spf13/cobra v1.4.0 h1:y+wJpx64xcgO1V+RcnwW0LEHxTKRi2ZDPSBjWnrg88Q=
github.com/spf13/cobra v1.4.0/go.mod h1:Wo4iy3BUC+X2Fybo0PDqwJIv3dNRiZLHQymsfxlB84g=
github.com/spf13/pflag v1.0.5 h1:iy+VFUOCP1a+8yFto/drg2CJ5u0yRoB7fZw3DKv/JXA=
github.com/spf13/pflag v1.0.5/go.mod h1:McXfInJRrz4CZXVZOBLb0bTZqETkiAhM9Iw0y3An2Bg=
golang.org/x/sys v0.0.0-20200116001909-b77594299b42/go.mod h1:h1NjWce9XRLGQEsW7wpKNCjG9DtNlClVuFLEZdDNbEs=
golang.org/x/sys v0.0.0-20200223170610-d5e6a3e2c0ae/go.mod h1:h1NjWce9XRLGQEsW7wpKNCjG9DtNlClVuFLEZdDNbEs=
golang.org/x/sys v0.0.0-20210630005230-0f9fa26af87c/go.mod h1:oPkhp1MJrh7nUepCBck5+mAzfO9JrbApNNgaTdGDITg=
golang.org/x/sys v0.0.0-20220503163025-988cb79eb6c6 h1:nonptSpoQ4vQjyraW20DXPAglgQfVnM9ZC6MmNLMR60=
golang.org/x/sys v0.0.0-20220503163025-988cb79eb6c6/go.mod h1:oPkhp1MJrh7nUepCBck5+mAzfO9JrbApNNgaTdGDITg=
gopkg.in/check.v1 v0.0.0-20161208181325-20d25e280405/go.mod h1:Co6ibVJAznAaIkqp8huTwlJQCZ016jof/cbN4VW5Yz0=
gopkg.in/yaml.v2 v2.4.0/go.mod h1:RDklbk79AGWmwhnvt/jBztapEOGDOx6ZbXqjP6csGnQ=
